
Microsoft Visual Studio Solution File, Format Version 12.00
# Visual Studio 2012
Project("{FAE04EC0-301F-11D3-BF4B-00C04F79EFBC}") = "Server", "Server\Server.csproj", "{381F3172-B445-4102-87EE-28B1741B070A}"
EndProject
Project("{FAE04EC0-301F-11D3-BF4B-00C04F79EFBC}") = "Client", "Client\Client.csproj", "{81301627-A09F-41F8-AA39-1C5E157AEBD1}"
EndProject
Project("{2150E333-8FDC-42A3-9474-1A3956D46DE8}") = "Solution Items", "Solution Items", "{75424748-FDC7-47B8-8553-DDEDE317460A}"
	ProjectSection(SolutionItems) = preProject
		协议.txt = 协议.txt
		说明.txt = 说明.txt
	EndProjectSection
EndProject
Project("{FAE04EC0-301F-11D3-BF4B-00C04F79EFBC}") = "Base", "Base\Base.csproj", "{BEE9D7EF-2B0D-4BFF-9CB7-DDA1BF678F72}"
EndProject
Project("{6141683F-8A12-4E36-9623-2EB02B2C2303}") = "Publish", "Publish\Publish.isproj", "{4203A6C5-2241-44F2-9DC5-B05FEE09EA9C}"
EndProject
Project("{6141683F-8A12-4E36-9623-2EB02B2C2303}") = "Publish_Server", "Publish_Server\Publish_Server.isproj", "{5ADFF68E-51FB-454C-B496-F6C526862D9E}"
EndProject
Global
	GlobalSection(TeamFoundationVersionControl) = preSolution
		SccEnterpriseProvider = {4CA58AB2-18FA-4F8D-95D4-32DDF27D184C}
		SccLocalPath0 = .
		SccLocalPath1 = Server
		SccNumberOfProjects = 2
		SccProjectName1 = Server
		SccProjectUniqueName1 = Server\\Server.csproj
		SccTeamFoundationServer = https://tfs.codeplex.com/tfs/tfs27
	EndGlobalSection
	GlobalSection(SolutionConfigurationPlatforms) = preSolution
		CD_ROM|ARM = CD_ROM|ARM
		CD_ROM|Any CPU = CD_ROM|Any CPU
		CD_ROM|x64 = CD_ROM|x64
		CD_ROM|x86 = CD_ROM|x86
		DVD-5|ARM = DVD-5|ARM
		DVD-5|Any CPU = DVD-5|Any CPU
		DVD-5|x64 = DVD-5|x64
		DVD-5|x86 = DVD-5|x86
		Debug|ARM = Debug|ARM
		Debug|Any CPU = Debug|Any CPU
		Debug|x64 = Debug|x64
		Debug|x86 = Debug|x86
		Release|ARM = Release|ARM
		Release|Any CPU = Release|Any CPU
		Release|x64 = Release|x64
		Release|x86 = Release|x86
		SingleImage|ARM = SingleImage|ARM
		SingleImage|Any CPU = SingleImage|Any CPU
		SingleImage|x64 = SingleImage|x64
		SingleImage|x86 = SingleImage|x86
	EndGlobalSection
	GlobalSection(ProjectConfigurationPlatforms) = postSolution
		{381F3172-B445-4102-87EE-28B1741B070A}.CD_ROM|ARM.ActiveCfg = Release|Any CPU
		{381F3172-B445-4102-87EE-28B1741B070A}.CD_ROM|Any CPU.ActiveCfg = Release|Any CPU
		{381F3172-B445-4102-87EE-28B1741B070A}.CD_ROM|Any CPU.Build.0 = Release|Any CPU
		{381F3172-B445-4102-87EE-28B1741B070A}.CD_ROM|x64.ActiveCfg = Release|Any CPU
		{381F3172-B445-4102-87EE-28B1741B070A}.CD_ROM|x86.ActiveCfg = Release|Any CPU
		{381F3172-B445-4102-87EE-28B1741B070A}.DVD-5|ARM.ActiveCfg = Debug|Any CPU
		{381F3172-B445-4102-87EE-28B1741B070A}.DVD-5|Any CPU.ActiveCfg = Debug|Any CPU
		{381F3172-B445-4102-87EE-28B1741B070A}.DVD-5|Any CPU.Build.0 = Debug|Any CPU
		{381F3172-B445-4102-87EE-28B1741B070A}.DVD-5|x64.ActiveCfg = Debug|Any CPU
		{381F3172-B445-4102-87EE-28B1741B070A}.DVD-5|x86.ActiveCfg = Debug|Any CPU
		{381F3172-B445-4102-87EE-28B1741B070A}.Debug|ARM.ActiveCfg = Debug|Any CPU
		{381F3172-B445-4102-87EE-28B1741B070A}.Debug|Any CPU.ActiveCfg = Debug|Any CPU
		{381F3172-B445-4102-87EE-28B1741B070A}.Debug|Any CPU.Build.0 = Debug|Any CPU
		{381F3172-B445-4102-87EE-28B1741B070A}.Debug|x64.ActiveCfg = Debug|Any CPU
		{381F3172-B445-4102-87EE-28B1741B070A}.Debug|x86.ActiveCfg = Debug|Any CPU
		{381F3172-B445-4102-87EE-28B1741B070A}.Release|ARM.ActiveCfg = Release|Any CPU
		{381F3172-B445-4102-87EE-28B1741B070A}.Release|Any CPU.ActiveCfg = Release|Any CPU
		{381F3172-B445-4102-87EE-28B1741B070A}.Release|Any CPU.Build.0 = Release|Any CPU
		{381F3172-B445-4102-87EE-28B1741B070A}.Release|x64.ActiveCfg = Release|Any CPU
		{381F3172-B445-4102-87EE-28B1741B070A}.Release|x86.ActiveCfg = Release|Any CPU
		{381F3172-B445-4102-87EE-28B1741B070A}.SingleImage|ARM.ActiveCfg = Release|Any CPU
		{381F3172-B445-4102-87EE-28B1741B070A}.SingleImage|Any CPU.ActiveCfg = Release|Any CPU
		{381F3172-B445-4102-87EE-28B1741B070A}.SingleImage|Any CPU.Build.0 = Release|Any CPU
		{381F3172-B445-4102-87EE-28B1741B070A}.SingleImage|x64.ActiveCfg = Release|Any CPU
		{381F3172-B445-4102-87EE-28B1741B070A}.SingleImage|x86.ActiveCfg = Release|Any CPU
		{4203A6C5-2241-44F2-9DC5-B05FEE09EA9C}.CD_ROM|ARM.ActiveCfg = CD_ROM
		{4203A6C5-2241-44F2-9DC5-B05FEE09EA9C}.CD_ROM|ARM.Build.0 = CD_ROM
		{4203A6C5-2241-44F2-9DC5-B05FEE09EA9C}.CD_ROM|Any CPU.ActiveCfg = CD_ROM
		{4203A6C5-2241-44F2-9DC5-B05FEE09EA9C}.CD_ROM|Any CPU.Build.0 = CD_ROM
		{4203A6C5-2241-44F2-9DC5-B05FEE09EA9C}.CD_ROM|x64.ActiveCfg = CD_ROM
		{4203A6C5-2241-44F2-9DC5-B05FEE09EA9C}.CD_ROM|x64.Build.0 = CD_ROM
		{4203A6C5-2241-44F2-9DC5-B05FEE09EA9C}.CD_ROM|x86.ActiveCfg = CD_ROM
		{4203A6C5-2241-44F2-9DC5-B05FEE09EA9C}.CD_ROM|x86.Build.0 = CD_ROM
		{4203A6C5-2241-44F2-9DC5-B05FEE09EA9C}.DVD-5|ARM.ActiveCfg = DVD-5
		{4203A6C5-2241-44F2-9DC5-B05FEE09EA9C}.DVD-5|ARM.Build.0 = DVD-5
		{4203A6C5-2241-44F2-9DC5-B05FEE09EA9C}.DVD-5|Any CPU.ActiveCfg = DVD-5
		{4203A6C5-2241-44F2-9DC5-B05FEE09EA9C}.DVD-5|Any CPU.Build.0 = DVD-5
		{4203A6C5-2241-44F2-9DC5-B05FEE09EA9C}.DVD-5|x64.ActiveCfg = DVD-5
		{4203A6C5-2241-44F2-9DC5-B05FEE09EA9C}.DVD-5|x64.Build.0 = DVD-5
		{4203A6C5-2241-44F2-9DC5-B05FEE09EA9C}.DVD-5|x86.ActiveCfg = DVD-5
		{4203A6C5-2241-44F2-9DC5-B05FEE09EA9C}.DVD-5|x86.Build.0 = DVD-5
		{4203A6C5-2241-44F2-9DC5-B05FEE09EA9C}.Debug|ARM.ActiveCfg = DVD-5
		{4203A6C5-2241-44F2-9DC5-B05FEE09EA9C}.Debug|ARM.Build.0 = DVD-5
		{4203A6C5-2241-44F2-9DC5-B05FEE09EA9C}.Debug|Any CPU.ActiveCfg = DVD-5
		{4203A6C5-2241-44F2-9DC5-B05FEE09EA9C}.Debug|Any CPU.Build.0 = DVD-5
		{4203A6C5-2241-44F2-9DC5-B05FEE09EA9C}.Debug|x64.ActiveCfg = DVD-5
		{4203A6C5-2241-44F2-9DC5-B05FEE09EA9C}.Debug|x64.Build.0 = DVD-5
		{4203A6C5-2241-44F2-9DC5-B05FEE09EA9C}.Debug|x86.ActiveCfg = DVD-5
		{4203A6C5-2241-44F2-9DC5-B05FEE09EA9C}.Debug|x86.Build.0 = DVD-5
		{4203A6C5-2241-44F2-9DC5-B05FEE09EA9C}.Release|ARM.ActiveCfg = SingleImage
		{4203A6C5-2241-44F2-9DC5-B05FEE09EA9C}.Release|ARM.Build.0 = SingleImage
		{4203A6C5-2241-44F2-9DC5-B05FEE09EA9C}.Release|Any CPU.ActiveCfg = SingleImage
		{4203A6C5-2241-44F2-9DC5-B05FEE09EA9C}.Release|Any CPU.Build.0 = SingleImage
		{4203A6C5-2241-44F2-9DC5-B05FEE09EA9C}.Release|x64.ActiveCfg = SingleImage
		{4203A6C5-2241-44F2-9DC5-B05FEE09EA9C}.Release|x64.Build.0 = SingleImage
		{4203A6C5-2241-44F2-9DC5-B05FEE09EA9C}.Release|x86.ActiveCfg = SingleImage
		{4203A6C5-2241-44F2-9DC5-B05FEE09EA9C}.Release|x86.Build.0 = SingleImage
		{4203A6C5-2241-44F2-9DC5-B05FEE09EA9C}.SingleImage|ARM.ActiveCfg = SingleImage
		{4203A6C5-2241-44F2-9DC5-B05FEE09EA9C}.SingleImage|ARM.Build.0 = SingleImage
		{4203A6C5-2241-44F2-9DC5-B05FEE09EA9C}.SingleImage|Any CPU.ActiveCfg = SingleImage
		{4203A6C5-2241-44F2-9DC5-B05FEE09EA9C}.SingleImage|Any CPU.Build.0 = SingleImage
		{4203A6C5-2241-44F2-9DC5-B05FEE09EA9C}.SingleImage|x64.ActiveCfg = SingleImage
		{4203A6C5-2241-44F2-9DC5-B05FEE09EA9C}.SingleImage|x64.Build.0 = SingleImage
		{4203A6C5-2241-44F2-9DC5-B05FEE09EA9C}.SingleImage|x86.ActiveCfg = SingleImage
		{4203A6C5-2241-44F2-9DC5-B05FEE09EA9C}.SingleImage|x86.Build.0 = SingleImage
		{5ADFF68E-51FB-454C-B496-F6C526862D9E}.CD_ROM|ARM.ActiveCfg = CD_ROM
		{5ADFF68E-51FB-454C-B496-F6C526862D9E}.CD_ROM|ARM.Build.0 = CD_ROM
		{5ADFF68E-51FB-454C-B496-F6C526862D9E}.CD_ROM|Any CPU.ActiveCfg = CD_ROM
		{5ADFF68E-51FB-454C-B496-F6C526862D9E}.CD_ROM|Any CPU.Build.0 = CD_ROM
		{5ADFF68E-51FB-454C-B496-F6C526862D9E}.CD_ROM|x64.ActiveCfg = CD_ROM
		{5ADFF68E-51FB-454C-B496-F6C526862D9E}.CD_ROM|x64.Build.0 = CD_ROM
		{5ADFF68E-51FB-454C-B496-F6C526862D9E}.CD_ROM|x86.ActiveCfg = CD_ROM
		{5ADFF68E-51FB-454C-B496-F6C526862D9E}.CD_ROM|x86.Build.0 = CD_ROM
		{5ADFF68E-51FB-454C-B496-F6C526862D9E}.DVD-5|ARM.ActiveCfg = DVD-5
		{5ADFF68E-51FB-454C-B496-F6C526862D9E}.DVD-5|ARM.Build.0 = DVD-5
		{5ADFF68E-51FB-454C-B496-F6C526862D9E}.DVD-5|Any CPU.ActiveCfg = DVD-5
		{5ADFF68E-51FB-454C-B496-F6C526862D9E}.DVD-5|Any CPU.Build.0 = DVD-5
		{5ADFF68E-51FB-454C-B496-F6C526862D9E}.DVD-5|x64.ActiveCfg = DVD-5
		{5ADFF68E-51FB-454C-B496-F6C526862D9E}.DVD-5|x64.Build.0 = DVD-5
		{5ADFF68E-51FB-454C-B496-F6C526862D9E}.DVD-5|x86.ActiveCfg = DVD-5
		{5ADFF68E-51FB-454C-B496-F6C526862D9E}.DVD-5|x86.Build.0 = DVD-5
		{5ADFF68E-51FB-454C-B496-F6C526862D9E}.Debug|ARM.ActiveCfg = DVD-5
		{5ADFF68E-51FB-454C-B496-F6C526862D9E}.Debug|ARM.Build.0 = DVD-5
		{5ADFF68E-51FB-454C-B496-F6C526862D9E}.Debug|Any CPU.ActiveCfg = DVD-5
		{5ADFF68E-51FB-454C-B496-F6C526862D9E}.Debug|Any CPU.Build.0 = DVD-5
		{5ADFF68E-51FB-454C-B496-F6C526862D9E}.Debug|x64.ActiveCfg = DVD-5
		{5ADFF68E-51FB-454C-B496-F6C526862D9E}.Debug|x64.Build.0 = DVD-5
		{5ADFF68E-51FB-454C-B496-F6C526862D9E}.Debug|x86.ActiveCfg = DVD-5
		{5ADFF68E-51FB-454C-B496-F6C526862D9E}.Debug|x86.Build.0 = DVD-5
		{5ADFF68E-51FB-454C-B496-F6C526862D9E}.Release|ARM.ActiveCfg = SingleImage
		{5ADFF68E-51FB-454C-B496-F6C526862D9E}.Release|ARM.Build.0 = SingleImage
		{5ADFF68E-51FB-454C-B496-F6C526862D9E}.Release|Any CPU.ActiveCfg = SingleImage
		{5ADFF68E-51FB-454C-B496-F6C526862D9E}.Release|Any CPU.Build.0 = SingleImage
		{5ADFF68E-51FB-454C-B496-F6C526862D9E}.Release|x64.ActiveCfg = SingleImage
		{5ADFF68E-51FB-454C-B496-F6C526862D9E}.Release|x64.Build.0 = SingleImage
		{5ADFF68E-51FB-454C-B496-F6C526862D9E}.Release|x86.ActiveCfg = SingleImage
		{5ADFF68E-51FB-454C-B496-F6C526862D9E}.Release|x86.Build.0 = SingleImage
		{5ADFF68E-51FB-454C-B496-F6C526862D9E}.SingleImage|ARM.ActiveCfg = SingleImage
		{5ADFF68E-51FB-454C-B496-F6C526862D9E}.SingleImage|ARM.Build.0 = SingleImage
		{5ADFF68E-51FB-454C-B496-F6C526862D9E}.SingleImage|Any CPU.ActiveCfg = SingleImage
		{5ADFF68E-51FB-454C-B496-F6C526862D9E}.SingleImage|Any CPU.Build.0 = SingleImage
		{5ADFF68E-51FB-454C-B496-F6C526862D9E}.SingleImage|x64.ActiveCfg = SingleImage
		{5ADFF68E-51FB-454C-B496-F6C526862D9E}.SingleImage|x64.Build.0 = SingleImage
		{5ADFF68E-51FB-454C-B496-F6C526862D9E}.SingleImage|x86.ActiveCfg = SingleImage
		{5ADFF68E-51FB-454C-B496-F6C526862D9E}.SingleImage|x86.Build.0 = SingleImage
		{81301627-A09F-41F8-AA39-1C5E157AEBD1}.CD_ROM|ARM.ActiveCfg = Release|Any CPU
		{81301627-A09F-41F8-AA39-1C5E157AEBD1}.CD_ROM|Any CPU.ActiveCfg = Release|Any CPU
		{81301627-A09F-41F8-AA39-1C5E157AEBD1}.CD_ROM|Any CPU.Build.0 = Release|Any CPU
		{81301627-A09F-41F8-AA39-1C5E157AEBD1}.CD_ROM|x64.ActiveCfg = Release|Any CPU
		{81301627-A09F-41F8-AA39-1C5E157AEBD1}.CD_ROM|x86.ActiveCfg = Release|Any CPU
		{81301627-A09F-41F8-AA39-1C5E157AEBD1}.DVD-5|ARM.ActiveCfg = Debug|Any CPU
		{81301627-A09F-41F8-AA39-1C5E157AEBD1}.DVD-5|Any CPU.ActiveCfg = Debug|Any CPU
		{81301627-A09F-41F8-AA39-1C5E157AEBD1}.DVD-5|Any CPU.Build.0 = Debug|Any CPU
		{81301627-A09F-41F8-AA39-1C5E157AEBD1}.DVD-5|x64.ActiveCfg = Debug|Any CPU
		{81301627-A09F-41F8-AA39-1C5E157AEBD1}.DVD-5|x86.ActiveCfg = Debug|Any CPU
		{81301627-A09F-41F8-AA39-1C5E157AEBD1}.Debug|ARM.ActiveCfg = Debug|Any CPU
		{81301627-A09F-41F8-AA39-1C5E157AEBD1}.Debug|Any CPU.ActiveCfg = Debug|Any CPU
		{81301627-A09F-41F8-AA39-1C5E157AEBD1}.Debug|Any CPU.Build.0 = Debug|Any CPU
		{81301627-A09F-41F8-AA39-1C5E157AEBD1}.Debug|x64.ActiveCfg = Debug|Any CPU
		{81301627-A09F-41F8-AA39-1C5E157AEBD1}.Debug|x86.ActiveCfg = Debug|Any CPU
		{81301627-A09F-41F8-AA39-1C5E157AEBD1}.Release|ARM.ActiveCfg = Release|Any CPU
		{81301627-A09F-41F8-AA39-1C5E157AEBD1}.Release|Any CPU.ActiveCfg = Release|Any CPU
		{81301627-A09F-41F8-AA39-1C5E157AEBD1}.Release|Any CPU.Build.0 = Release|Any CPU
		{81301627-A09F-41F8-AA39-1C5E157AEBD1}.Release|x64.ActiveCfg = Release|Any CPU
		{81301627-A09F-41F8-AA39-1C5E157AEBD1}.Release|x86.ActiveCfg = Release|Any CPU
		{81301627-A09F-41F8-AA39-1C5E157AEBD1}.SingleImage|ARM.ActiveCfg = Release|Any CPU
		{81301627-A09F-41F8-AA39-1C5E157AEBD1}.SingleImage|Any CPU.ActiveCfg = Release|Any CPU
		{81301627-A09F-41F8-AA39-1C5E157AEBD1}.SingleImage|Any CPU.Build.0 = Release|Any CPU
		{81301627-A09F-41F8-AA39-1C5E157AEBD1}.SingleImage|x64.ActiveCfg = Release|Any CPU
		{81301627-A09F-41F8-AA39-1C5E157AEBD1}.SingleImage|x86.ActiveCfg = Release|Any CPU
		{BEE9D7EF-2B0D-4BFF-9CB7-DDA1BF678F72}.CD_ROM|ARM.ActiveCfg = Release|Any CPU
		{BEE9D7EF-2B0D-4BFF-9CB7-DDA1BF678F72}.CD_ROM|Any CPU.ActiveCfg = Release|Any CPU
		{BEE9D7EF-2B0D-4BFF-9CB7-DDA1BF678F72}.CD_ROM|Any CPU.Build.0 = Release|Any CPU
		{BEE9D7EF-2B0D-4BFF-9CB7-DDA1BF678F72}.CD_ROM|x64.ActiveCfg = Release|Any CPU
		{BEE9D7EF-2B0D-4BFF-9CB7-DDA1BF678F72}.CD_ROM|x86.ActiveCfg = Release|Any CPU
		{BEE9D7EF-2B0D-4BFF-9CB7-DDA1BF678F72}.DVD-5|ARM.ActiveCfg = Debug|Any CPU
		{BEE9D7EF-2B0D-4BFF-9CB7-DDA1BF678F72}.DVD-5|Any CPU.ActiveCfg = Debug|Any CPU
		{BEE9D7EF-2B0D-4BFF-9CB7-DDA1BF678F72}.DVD-5|Any CPU.Build.0 = Debug|Any CPU
		{BEE9D7EF-2B0D-4BFF-9CB7-DDA1BF678F72}.DVD-5|x64.ActiveCfg = Debug|Any CPU
		{BEE9D7EF-2B0D-4BFF-9CB7-DDA1BF678F72}.DVD-5|x86.ActiveCfg = Debug|Any CPU
		{BEE9D7EF-2B0D-4BFF-9CB7-DDA1BF678F72}.Debug|ARM.ActiveCfg = Debug|Any CPU
		{BEE9D7EF-2B0D-4BFF-9CB7-DDA1BF678F72}.Debug|Any CPU.ActiveCfg = Debug|Any CPU
		{BEE9D7EF-2B0D-4BFF-9CB7-DDA1BF678F72}.Debug|Any CPU.Build.0 = Debug|Any CPU
		{BEE9D7EF-2B0D-4BFF-9CB7-DDA1BF678F72}.Debug|x64.ActiveCfg = Debug|Any CPU
		{BEE9D7EF-2B0D-4BFF-9CB7-DDA1BF678F72}.Debug|x86.ActiveCfg = Debug|Any CPU
		{BEE9D7EF-2B0D-4BFF-9CB7-DDA1BF678F72}.Release|ARM.ActiveCfg = Release|Any CPU
		{BEE9D7EF-2B0D-4BFF-9CB7-DDA1BF678F72}.Release|Any CPU.ActiveCfg = Release|Any CPU
		{BEE9D7EF-2B0D-4BFF-9CB7-DDA1BF678F72}.Release|Any CPU.Build.0 = Release|Any CPU
		{BEE9D7EF-2B0D-4BFF-9CB7-DDA1BF678F72}.Release|x64.ActiveCfg = Release|Any CPU
		{BEE9D7EF-2B0D-4BFF-9CB7-DDA1BF678F72}.Release|x86.ActiveCfg = Release|Any CPU
		{BEE9D7EF-2B0D-4BFF-9CB7-DDA1BF678F72}.SingleImage|ARM.ActiveCfg = Release|Any CPU
		{BEE9D7EF-2B0D-4BFF-9CB7-DDA1BF678F72}.SingleImage|Any CPU.ActiveCfg = Release|Any CPU
		{BEE9D7EF-2B0D-4BFF-9CB7-DDA1BF678F72}.SingleImage|Any CPU.Build.0 = Release|Any CPU
		{BEE9D7EF-2B0D-4BFF-9CB7-DDA1BF678F72}.SingleImage|x64.ActiveCfg = Release|Any CPU
		{BEE9D7EF-2B0D-4BFF-9CB7-DDA1BF678F72}.SingleImage|x86.ActiveCfg = Release|Any CPU
	EndGlobalSection
	GlobalSection(SolutionProperties) = preSolution
		HideSolutionNode = FALSE
	EndGlobalSection
EndGlobal
